// !$*UTF8*$!
{
	archiveVersion = 1;
	classes = {
	};
	objectVersion = 46;
	objects = {

/* Begin PBXBuildFile section */
		7A869BE41CD0319C00A9F68D /* VideoBuffer.swift in Sources */ = {isa = PBXBuildFile; fileRef = 7A869BE31CD0319C00A9F68D /* VideoBuffer.swift */; };
		7AA7DD931CCEDEE10097C2BF /* VideoBufferWriter.swift in Sources */ = {isa = PBXBuildFile; fileRef = 7AA7DD921CCEDEE10097C2BF /* VideoBufferWriter.swift */; };
		7AFE777D1CC98ED6006C0BFA /* AppDelegate.swift in Sources */ = {isa = PBXBuildFile; fileRef = 7AFE777C1CC98ED6006C0BFA /* AppDelegate.swift */; };
		7AFE777F1CC98ED6006C0BFA /* ViewController.swift in Sources */ = {isa = PBXBuildFile; fileRef = 7AFE777E1CC98ED6006C0BFA /* ViewController.swift */; };
		7AFE77821CC98ED6006C0BFA /* Main.storyboard in Resources */ = {isa = PBXBuildFile; fileRef = 7AFE77801CC98ED6006C0BFA /* Main.storyboard */; };
		7AFE77841CC98ED6006C0BFA /* Assets.xcassets in Resources */ = {isa = PBXBuildFile; fileRef = 7AFE77831CC98ED6006C0BFA /* Assets.xcassets */; };
		7AFE77871CC98ED6006C0BFA /* LaunchScreen.storyboard in Resources */ = {isa = PBXBuildFile; fileRef = 7AFE77851CC98ED6006C0BFA /* LaunchScreen.storyboard */; };
		7AFE778F1CC98FD9006C0BFA /* VideoViewController.swift in Sources */ = {isa = PBXBuildFile; fileRef = 7AFE778E1CC98FD9006C0BFA /* VideoViewController.swift */; };
/* End PBXBuildFile section */

/* Begin PBXFileReference section */
		7A869BE31CD0319C00A9F68D /* VideoBuffer.swift */ = {isa = PBXFileReference; fileEncoding = 4; lastKnownFileType = sourcecode.swift; path = VideoBuffer.swift; sourceTree = "<group>"; };
		7AA7DD921CCEDEE10097C2BF /* VideoBufferWriter.swift */ = {isa = PBXFileReference; fileEncoding = 4; lastKnownFileType = sourcecode.swift; path = VideoBufferWriter.swift; sourceTree = "<group>"; };
		7AFE77791CC98ED6006C0BFA /* TailVideoClip.app */ = {isa = PBXFileReference; explicitFileType = wrapper.application; includeInIndex = 0; path = TailVideoClip.app; sourceTree = BUILT_PRODUCTS_DIR; };
		7AFE777C1CC98ED6006C0BFA /* AppDelegate.swift */ = {isa = PBXFileReference; lastKnownFileType = sourcecode.swift; path = AppDelegate.swift; sourceTree = "<group>"; };
		7AFE777E1CC98ED6006C0BFA /* ViewController.swift */ = {isa = PBXFileReference; lastKnownFileType = sourcecode.swift; path = ViewController.swift; sourceTree = "<group>"; };
		7AFE77811CC98ED6006C0BFA /* Base */ = {isa = PBXFileReference; lastKnownFileType = file.storyboard; name = Base; path = Base.lproj/Main.storyboard; sourceTree = "<group>"; };
		7AFE77831CC98ED6006C0BFA /* Assets.xcassets */ = {isa = PBXFileReference; lastKnownFileType = folder.assetcatalog; path = Assets.xcassets; sourceTree = "<group>"; };
		7AFE77861CC98ED6006C0BFA /* Base */ = {isa = PBXFileReference; lastKnownFileType = file.storyboard; name = Base; path = Base.lproj/LaunchScreen.storyboard; sourceTree = "<group>"; };
		7AFE77881CC98ED6006C0BFA /* Info.plist */ = {isa = PBXFileReference; lastKnownFileType = text.plist.xml; path = Info.plist; sourceTree = "<group>"; };
		7AFE778E1CC98FD9006C0BFA /* VideoViewController.swift */ = {isa = PBXFileReference; fileEncoding = 4; lastKnownFileType = sourcecode.swift; path = VideoViewController.swift; sourceTree = "<group>"; };
/* End PBXFileReference section */

/* Begin PBXFrameworksBuildPhase section */
		7AFE77761CC98ED6006C0BFA /* Frameworks */ = {
			isa = PBXFrameworksBuildPhase;
			buildActionMask = 2147483647;
			files = (
			);
			runOnlyForDeploymentPostprocessing = 0;
		};
/* End PBXFrameworksBuildPhase section */

/* Begin PBXGroup section */
		7AFE77701CC98ED6006C0BFA = {
			isa = PBXGroup;
			children = (
				7AFE777B1CC98ED6006C0BFA /* TailVideoClip */,
				7AFE777A1CC98ED6006C0BFA /* Products */,
			);
			sourceTree = "<group>";
		};
		7AFE777A1CC98ED6006C0BFA /* Products */ = {
			isa = PBXGroup;
			children = (
				7AFE77791CC98ED6006C0BFA /* TailVideoClip.app */,
			);
			name = Products;
			sourceTree = "<group>";
		};
		7AFE777B1CC98ED6006C0BFA /* TailVideoClip */ = {
			isa = PBXGroup;
			children = (
				7AFE777C1CC98ED6006C0BFA /* AppDelegate.swift */,
				7AFE777E1CC98ED6006C0BFA /* ViewController.swift */,
				7AFE77801CC98ED6006C0BFA /* Main.storyboard */,
				7AFE77831CC98ED6006C0BFA /* Assets.xcassets */,
				7AFE77851CC98ED6006C0BFA /* LaunchScreen.storyboard */,
				7AFE77881CC98ED6006C0BFA /* Info.plist */,
				7AFE778E1CC98FD9006C0BFA /* VideoViewController.swift */,
				7AA7DD921CCEDEE10097C2BF /* VideoBufferWriter.swift */,
				7A869BE31CD0319C00A9F68D /* VideoBuffer.swift */,
			);
			path = TailVideoClip;
			sourceTree = "<group>";
		};
/* End PBXGroup section */

/* Begin PBXNativeTarget section */
		7AFE77781CC98ED6006C0BFA /* TailVideoClip */ = {
			isa = PBXNativeTarget;
			buildConfigurationList = 7AFE778B1CC98ED6006C0BFA /* Build configuration list for PBXNativeTarget "TailVideoClip" */;
			buildPhases = (
				7AFE77751CC98ED6006C0BFA /* Sources */,
				7AFE77761CC98ED6006C0BFA /* Frameworks */,
				7AFE77771CC98ED6006C0BFA /* Resources */,
			);
			buildRules = (
			);
			dependencies = (
			);
			name = TailVideoClip;
			productName = TailVideoClip;
			productReference = 7AFE77791CC98ED6006C0BFA /* TailVideoClip.app */;
			productType = "com.apple.product-type.application";
		};
/* End PBXNativeTarget section */

/* Begin PBXProject section */
		7AFE77711CC98ED6006C0BFA /* Project object */ = {
			isa = PBXProject;
			attributes = {
				LastSwiftUpdateCheck = 0730;
				LastUpgradeCheck = 0730;
				ORGANIZATIONNAME = toddjohn;
				TargetAttributes = {
					7AFE77781CC98ED6006C0BFA = {
						CreatedOnToolsVersion = 7.3;
					};
				};
			};
			buildConfigurationList = 7AFE77741CC98ED6006C0BFA /* Build configuration list for PBXProject "TailVideoClip" */;
			compatibilityVersion = "Xcode 3.2";
			developmentRegion = English;
			hasScannedForEncodings = 0;
			knownRegions = (
				en,
				Base,
			);
			mainGroup = 7AFE77701CC98ED6006C0BFA;
			productRefGroup = 7AFE777A1CC98ED6006C0BFA /* Products */;
			projectDirPath = "";
			projectRoot = "";
			targets = (
				7AFE77781CC98ED6006C0BFA /* TailVideoClip */,
			);
		};
/* End PBXProject section */

/* Begin PBXResourcesBuildPhase section */
		7AFE77771CC98ED6006C0BFA /* Resources */ = {
			isa = PBXResourcesBuildPhase;
			buildActionMask = 2147483647;
			files = (
				7AFE77871CC98ED6006C0BFA /* LaunchScreen.storyboard in Resources */,
				7AFE77841CC98ED6006C0BFA /* Assets.xcassets in Resources */,
				7AFE77821CC98ED6006C0BFA /* Main.storyboard in Resources */,
			);
			runOnlyForDeploymentPostprocessing = 0;
		};
/* End PBXResourcesBuildPhase section */

/* Begin PBXSourcesBuildPhase section */
		7AFE77751CC98ED6006C0BFA /* Sources */ = {
			isa = PBXSourcesBuildPhase;
			buildActionMask = 2147483647;
			files = (
				7AA7DD931CCEDEE10097C2BF /* VideoBufferWriter.swift in Sources */,
				7AFE777F1CC98ED6006C0BFA /* ViewController.swift in Sources */,
				7AFE777D1CC98ED6006C0BFA /* AppDelegate.swift in Sources */,
				7A869BE41CD0319C00A9F68D /* VideoBuffer.swift in Sources */,
				7AFE778F1CC98FD9006C0BFA /* VideoViewController.swift in Sources */,
			);
			runOnlyForDeploymentPostprocessing = 0;
		};
/* End PBXSourcesBuildPhase section */

/* Begin PBXVariantGroup section */
		7AFE77801CC98ED6006C0BFA /* Main.storyboard */ = {
			isa = PBXVariantGroup;
			children = (
				7AFE77811CC98ED6006C0BFA /* Base */,
			);
			name = Main.storyboard;
			sourceTree = "<group>";
		};
		7AFE77851CC98ED6006C0BFA /* LaunchScreen.storyboard */ = {
			isa = PBXVariantGroup;
			children = (
				7AFE77861CC98ED6006C0BFA /* Base */,
			);
			name = LaunchScreen.storyboard;
			sourceTree = "<group>";
		};
/* End PBXVariantGroup section */

/* Begin XCBuildConfiguration section */
		7AFE77891CC98ED6006C0BFA /* Debug */ = {
			isa = XCBuildConfiguration;
			buildSettings = {
				ALWAYS_SEARCH_USER_PATHS = NO;
				CLANG_ANALYZER_NONNULL = YES;
				CLANG_CXX_LANGUAGE_STANDARD = "gnu++0x";
				CLANG_CXX_LIBRARY = "libc++";
				CLANG_ENABLE_MODULES = YES;
				CLANG_ENABLE_OBJC_ARC = YES;
				CLANG_WARN_BOOL_CONVERSION = YES;
				CLANG_WARN_CONSTANT_CONVERSION = YES;
				CLANG_WARN_DIRECT_OBJC_ISA_USAGE = YES_ERROR;
				CLANG_WARN_EMPTY_BODY = YES;
				CLANG_WARN_ENUM_CONVERSION = YES;
				CLANG_WARN_INT_CONVERSION = YES;
				CLANG_WARN_OBJC_ROOT_CLASS = YES_ERROR;
				CLANG_WARN_UNREACHABLE_CODE = YES;
				CLANG_WARN__DUPLICATE_METHOD_MATCH = YES;
				"CODE_SIGN_IDENTITY[sdk=iphoneos*]" = "iPhone Developer";
				COPY_PHASE_STRIP = NO;
				DEBUG_INFORMATION_FORMAT = dwarf;
				ENABLE_STRICT_OBJC_MSGSEND = YES;
				ENABLE_TESTABILITY = YES;
				GCC_C_LANGUAGE_STANDARD = gnu99;
				GCC_DYNAMIC_NO_PIC = NO;
				GCC_NO_COMMON_BLOCKS = YES;
				GCC_OPTIMIZATION_LEVEL = 0;
				GCC_PREPROCESSOR_DEFINITIONS = (
					"DEBUG=1",
					"$(inherited)",
				);
				GCC_WARN_64_TO_32_BIT_CONVERSION = YES;
				GCC_WARN_ABOUT_RETURN_TYPE = YES_ERROR;
				GCC_WARN_UNDECLARED_SELECTOR = YES;
				GCC_WARN_UNINITIALIZED_AUTOS = YES_AGGRESSIVE;
				GCC_WARN_UNUSED_FUNCTION = YES;
				GCC_WARN_UNUSED_VARIABLE = YES;
				IPHONEOS_DEPLOYMENT_TARGET = 9.3;
				MTL_ENABLE_DEBUG_INFO = YES;
				ONLY_ACTIVE_ARCH = YES;
				SDKROOT = iphoneos;
				SWIFT_OPTIMIZATION_LEVEL = "-Onone";
				TARGETED_DEVICE_FAMILY = "1,2";
			};
			name = Debug;
		};
		7AFE778A1CC98ED6006C0BFA /* Release */ = {
			isa = XCBuildConfiguration;
			buildSettings = {
				ALWAYS_SEARCH_USER_PATHS = NO;
				CLANG_ANALYZER_NONNULL = YES;
				CLANG_CXX_LANGUAGE_STANDARD = "gnu++0x";
				CLANG_CXX_LIBRARY = "libc++";
				CLANG_ENABLE_MODULES = YES;
				CLANG_ENABLE_OBJC_ARC = YES;
				CLANG_WARN_BOOL_CONVERSION = YES;
				CLANG_WARN_CONSTANT_CONVERSION = YES;
				CLANG_WARN_DIRECT_OBJC_ISA_USAGE = YES_ERROR;
				CLANG_WARN_EMPTY_BODY = YES;
				CLANG_WARN_ENUM_CONVERSION = YES;
				CLANG_WARN_INT_CONVERSION = YES;
				CLANG_WARN_OBJC_ROOT_CLASS = YES_ERROR;
				CLANG_WARN_UNREACHABLE_CODE = YES;
				CLANG_WARN__DUPLICATE_METHOD_MATCH = YES;
				"CODE_SIGN_IDENTITY[sdk=iphoneos*]" = "iPhone Developer";
				COPY_PHASE_STRIP = NO;
				DEBUG_INFORMATION_FORMAT = "dwarf-with-dsym";
				ENABLE_NS_ASSERTIONS = NO;
				ENABLE_STRICT_OBJC_MSGSEND = YES;
				GCC_C_LANGUAGE_STANDARD = gnu99;
				GCC_NO_COMMON_BLOCKS = YES;
				GCC_WARN_64_TO_32_BIT_CONVERSION = YES;
				GCC_WARN_ABOUT_RETURN_TYPE = YES_ERROR;
				GCC_WARN_UNDECLARED_SELECTOR = YES;
				GCC_WARN_UNINITIALIZED_AUTOS = YES_AGGRESSIVE;
				GCC_WARN_UNUSED_FUNCTION = YES;
				GCC_WARN_UNUSED_VARIABLE = YES;
				IPHONEOS_DEPLOYMENT_TARGET = 9.3;
				MTL_ENABLE_DEBUG_INFO = NO;
				SDKROOT = iphoneos;
				TARGETED_DEVICE_FAMILY = "1,2";
				VALIDATE_PRODUCT = YES;
			};
			name = Release;
		};
		7AFE778C1CC98ED6006C0BFA /* Debug */ = {
			isa = XCBuildConfiguration;
			buildSettings = {
				ASSETCATALOG_COMPILER_APPICON_NAME = AppIcon;
				INFOPLIST_FILE = TailVideoClip/Info.plist;
				LD_RUNPATH_SEARCH_PATHS = "$(inherited) @executable_path/Frameworks";
				PRODUCT_BUNDLE_IDENTIFIER = com.toddjohn.TailVideoClip;
				PRODUCT_NAME = "$(TARGET_NAME)";
			};
			name = Debug;
		};
		7AFE778D1CC98ED6006C0BFA /* Release */ = {
			isa = XCBuildConfiguration;
			buildSettings = {
				ASSETCATALOG_COMPILER_APPICON_NAME = AppIcon;
				INFOPLIST_FILE = TailVideoClip/Info.plist;
				LD_RUNPATH_SEARCH_PATHS = "$(inherited) @executable_path/Frameworks";
				PRODUCT_BUNDLE_IDENTIFIER = com.toddjohn.TailVideoClip;
				PRODUCT_NAME = "$(TARGET_NAME)";
			};
			name = Release;
		};
/* End XCBuildConfiguration section */

/* Begin XCConfigurationList section */
		7AFE77741CC98ED6006C0BFA /* Build configuration list for PBXProject "TailVideoClip" */ = {
			isa = XCConfigurationList;
			buildConfigurations = (
				7AFE77891CC98ED6006C0BFA /* Debug */,
				7AFE778A1CC98ED6006C0BFA /* Release */,
			);
			defaultConfigurationIsVisible = 0;
			defaultConfigurationName = Release;
		};
		7AFE778B1CC98ED6006C0BFA /* Build configuration list for PBXNativeTarget "TailVideoClip" */ = {
			isa = XCConfigurationList;
			buildConfigurations = (
				7AFE778C1CC98ED6006C0BFA /* Debug */,
				7AFE778D1CC98ED6006C0BFA /* Release */,
			);
			defaultConfigurationIsVisible = 0;
			defaultConfigurationName = Release;
		};
/* End XCConfigurationList section */
	};
	rootObject = 7AFE77711CC98ED6006C0BFA /* Project object */;
}
